
Microsoft Visual Studio Solution File, Format Version 12.00
# Visual Studio 2012
Project("{FAE04EC0-301F-11D3-BF4B-00C04F79EFBC}") = "PremierStatistics", "PremierStatistics\PremierStatistics.csproj", "{CAEA5B68-4E13-43B3-802E-634B05F982DA}"
EndProject
Project("{FAE04EC0-301F-11D3-BF4B-00C04F79EFBC}") = "PremierStatisticsLib", "PremierStatisticsLib\PremierStatisticsLib.csproj", "{EF8B2C50-88C8-418F-B54C-4F9DB45013A8}"
EndProject
Project("{FAE04EC0-301F-11D3-BF4B-00C04F79EFBC}") = "PremierStatisticsDal", "PremierStatisticsDal\PremierStatisticsDal.csproj", "{11DBEB1A-F140-40F7-8CA8-8CD6B4FDF8B5}"
EndProject
Project("{FAE04EC0-301F-11D3-BF4B-00C04F79EFBC}") = "PremierStatisticsDal.Tests", "PremierStatisticsDal.Tests\PremierStatisticsDal.Tests.csproj", "{A9AE39CC-36E8-4148-8759-8C39D3027059}"
EndProject
Project("{FAE04EC0-301F-11D3-BF4B-00C04F79EFBC}") = "PremierStatistics.Tests", "PremierStatistics.Tests\PremierStatistics.Tests.csproj", "{529F364A-0199-4CD8-BBC2-AB87AF6A6C7F}"
EndProject
Project("{2150E333-8FDC-42A3-9474-1A3956D46DE8}") = "Business Layer", "Business Layer", "{77FD0176-23C6-4BF1-8B99-3E2FD93E6785}"
EndProject
Project("{2150E333-8FDC-42A3-9474-1A3956D46DE8}") = "Presentation Layer", "Presentation Layer", "{56A42E0B-0D21-403E-97EC-1801148C7D5A}"
EndProject
Project("{FAE04EC0-301F-11D3-BF4B-00C04F79EFBC}") = "BettorKnow", "..\BettorKnow\BettorKnow.csproj", "{87E75E6B-302B-4C85-9B98-3357E2F3A0EE}"
	ProjectSection(ProjectDependencies) = postProject
		{CAEA5B68-4E13-43B3-802E-634B05F982DA} = {CAEA5B68-4E13-43B3-802E-634B05F982DA}
	EndProjectSection
EndProject
Project("{2150E333-8FDC-42A3-9474-1A3956D46DE8}") = "General", "General", "{F801E95A-266B-40EF-9192-A6156C739EC2}"
EndProject
Project("{FAE04EC0-301F-11D3-BF4B-00C04F79EFBC}") = "SplunkReadyFormatter", "SplunkReadyFormatter\SplunkReadyFormatter.csproj", "{9F825F18-E97E-4A9F-B485-D4E1E0D05D5B}"
EndProject
Global
	GlobalSection(SolutionConfigurationPlatforms) = preSolution
		Debug|Any CPU = Debug|Any CPU
		Release|Any CPU = Release|Any CPU
	EndGlobalSection
	GlobalSection(ProjectConfigurationPlatforms) = postSolution
		{CAEA5B68-4E13-43B3-802E-634B05F982DA}.Debug|Any CPU.ActiveCfg = Debug|Any CPU
		{CAEA5B68-4E13-43B3-802E-634B05F982DA}.Debug|Any CPU.Build.0 = Debug|Any CPU
		{CAEA5B68-4E13-43B3-802E-634B05F982DA}.Release|Any CPU.ActiveCfg = Release|Any CPU
		{CAEA5B68-4E13-43B3-802E-634B05F982DA}.Release|Any CPU.Build.0 = Release|Any CPU
		{EF8B2C50-88C8-418F-B54C-4F9DB45013A8}.Debug|Any CPU.ActiveCfg = Debug|Any CPU
		{EF8B2C50-88C8-418F-B54C-4F9DB45013A8}.Debug|Any CPU.Build.0 = Debug|Any CPU
		{EF8B2C50-88C8-418F-B54C-4F9DB45013A8}.Release|Any CPU.ActiveCfg = Release|Any CPU
		{EF8B2C50-88C8-418F-B54C-4F9DB45013A8}.Release|Any CPU.Build.0 = Release|Any CPU
		{11DBEB1A-F140-40F7-8CA8-8CD6B4FDF8B5}.Debug|Any CPU.ActiveCfg = Debug|Any CPU
		{11DBEB1A-F140-40F7-8CA8-8CD6B4FDF8B5}.Debug|Any CPU.Build.0 = Debug|Any CPU
		{11DBEB1A-F140-40F7-8CA8-8CD6B4FDF8B5}.Release|Any CPU.ActiveCfg = Release|Any CPU
		{11DBEB1A-F140-40F7-8CA8-8CD6B4FDF8B5}.Release|Any CPU.Build.0 = Release|Any CPU
		{A9AE39CC-36E8-4148-8759-8C39D3027059}.Debug|Any CPU.ActiveCfg = Debug|Any CPU
		{A9AE39CC-36E8-4148-8759-8C39D3027059}.Debug|Any CPU.Build.0 = Debug|Any CPU
		{A9AE39CC-36E8-4148-8759-8C39D3027059}.Release|Any CPU.ActiveCfg = Release|Any CPU
		{A9AE39CC-36E8-4148-8759-8C39D3027059}.Release|Any CPU.Build.0 = Release|Any CPU
		{529F364A-0199-4CD8-BBC2-AB87AF6A6C7F}.Debug|Any CPU.ActiveCfg = Debug|Any CPU
		{529F364A-0199-4CD8-BBC2-AB87AF6A6C7F}.Debug|Any CPU.Build.0 = Debug|Any CPU
		{529F364A-0199-4CD8-BBC2-AB87AF6A6C7F}.Release|Any CPU.ActiveCfg = Release|Any CPU
		{529F364A-0199-4CD8-BBC2-AB87AF6A6C7F}.Release|Any CPU.Build.0 = Release|Any CPU
		{87E75E6B-302B-4C85-9B98-3357E2F3A0EE}.Debug|Any CPU.ActiveCfg = Debug|Any CPU
		{87E75E6B-302B-4C85-9B98-3357E2F3A0EE}.Debug|Any CPU.Build.0 = Debug|Any CPU
		{87E75E6B-302B-4C85-9B98-3357E2F3A0EE}.Release|Any CPU.ActiveCfg = Release|Any CPU
		{87E75E6B-302B-4C85-9B98-3357E2F3A0EE}.Release|Any CPU.Build.0 = Release|Any CPU
		{9F825F18-E97E-4A9F-B485-D4E1E0D05D5B}.Debug|Any CPU.ActiveCfg = Debug|Any CPU
		{9F825F18-E97E-4A9F-B485-D4E1E0D05D5B}.Debug|Any CPU.Build.0 = Debug|Any CPU
		{9F825F18-E97E-4A9F-B485-D4E1E0D05D5B}.Release|Any CPU.ActiveCfg = Release|Any CPU
		{9F825F18-E97E-4A9F-B485-D4E1E0D05D5B}.Release|Any CPU.Build.0 = Release|Any CPU
	EndGlobalSection
	GlobalSection(SolutionProperties) = preSolution
		HideSolutionNode = FALSE
	EndGlobalSection
	GlobalSection(NestedProjects) = preSolution
		{EF8B2C50-88C8-418F-B54C-4F9DB45013A8} = {77FD0176-23C6-4BF1-8B99-3E2FD93E6785}
		{11DBEB1A-F140-40F7-8CA8-8CD6B4FDF8B5} = {77FD0176-23C6-4BF1-8B99-3E2FD93E6785}
		{A9AE39CC-36E8-4148-8759-8C39D3027059} = {77FD0176-23C6-4BF1-8B99-3E2FD93E6785}
		{529F364A-0199-4CD8-BBC2-AB87AF6A6C7F} = {77FD0176-23C6-4BF1-8B99-3E2FD93E6785}
		{CAEA5B68-4E13-43B3-802E-634B05F982DA} = {77FD0176-23C6-4BF1-8B99-3E2FD93E6785}
		{87E75E6B-302B-4C85-9B98-3357E2F3A0EE} = {56A42E0B-0D21-403E-97EC-1801148C7D5A}
		{9F825F18-E97E-4A9F-B485-D4E1E0D05D5B} = {F801E95A-266B-40EF-9192-A6156C739EC2}
	EndGlobalSection
	GlobalSection(ExtensibilityGlobals) = postSolution
		EnterpriseLibraryConfigurationToolBinariesPath = packages\Unity.2.1.505.2\lib\NET35
		EnterpriseLibraryConfigurationToolBinariesPathV6 = packages\EnterpriseLibrary.Common.6.0.1304.0\lib\NET45;packages\EnterpriseLibrary.Logging.6.0.1304.0\lib\NET45
	EndGlobalSection
EndGlobal
